// !$*UTF8*$!
{
	archiveVersion = 1;
	classes = {
	};
	objectVersion = 46;
	objects = {

/* Begin PBXBuildFile section */
		E325EC261E4222B700D059F0 /* main.cpp in Sources */ = {isa = PBXBuildFile; fileRef = E325EC251E4222B700D059F0 /* main.cpp */; };
		E36147DA1E429ADB0071F23D /* AudioFile.cpp in Sources */ = {isa = PBXBuildFile; fileRef = E36147D81E429ADB0071F23D /* AudioFile.cpp */; };
		E38438C91E5A26EC006C3352 /* FileWritingTests.cpp in Sources */ = {isa = PBXBuildFile; fileRef = E38438C71E5A26EC006C3352 /* FileWritingTests.cpp */; };
		E39C59A61E4BE42400EA7B67 /* AiffLoadingTests.cpp in Sources */ = {isa = PBXBuildFile; fileRef = E39C59A41E4BE42400EA7B67 /* AiffLoadingTests.cpp */; };
		E3A0C94D1E4229C40071404A /* WavLoadingTests.cpp in Sources */ = {isa = PBXBuildFile; fileRef = E3A0C94C1E4229C40071404A /* WavLoadingTests.cpp */; };
/* End PBXBuildFile section */

/* Begin PBXCopyFilesBuildPhase section */
		E325EC201E4222B700D059F0 /* CopyFiles */ = {
			isa = PBXCopyFilesBuildPhase;
			buildActionMask = 2147483647;
			dstPath = /usr/share/man/man1/;
			dstSubfolderSpec = 0;
			files = (
			);
			runOnlyForDeploymentPostprocessing = 1;
		};
/* End PBXCopyFilesBuildPhase section */

/* Begin PBXFileReference section */
		E325EC221E4222B700D059F0 /* AudioFileTests */ = {isa = PBXFileReference; explicitFileType = "compiled.mach-o.executable"; includeInIndex = 0; path = AudioFileTests; sourceTree = BUILT_PRODUCTS_DIR; };
		E325EC251E4222B700D059F0 /* main.cpp */ = {isa = PBXFileReference; lastKnownFileType = sourcecode.cpp.cpp; path = main.cpp; sourceTree = "<group>"; };
		E36147D81E429ADB0071F23D /* AudioFile.cpp */ = {isa = PBXFileReference; fileEncoding = 4; lastKnownFileType = sourcecode.cpp.cpp; name = AudioFile.cpp; path = ../../AudioFile.cpp; sourceTree = "<group>"; };
		E36147D91E429ADB0071F23D /* AudioFile.h */ = {isa = PBXFileReference; fileEncoding = 4; lastKnownFileType = sourcecode.c.h; name = AudioFile.h; path = ../../AudioFile.h; sourceTree = "<group>"; };
		E38438C71E5A26EC006C3352 /* FileWritingTests.cpp */ = {isa = PBXFileReference; fileEncoding = 4; lastKnownFileType = sourcecode.cpp.cpp; path = FileWritingTests.cpp; sourceTree = "<group>"; };
		E39C59A41E4BE42400EA7B67 /* AiffLoadingTests.cpp */ = {isa = PBXFileReference; fileEncoding = 4; lastKnownFileType = sourcecode.cpp.cpp; path = AiffLoadingTests.cpp; sourceTree = "<group>"; };
		E3A0C94C1E4229C40071404A /* WavLoadingTests.cpp */ = {isa = PBXFileReference; fileEncoding = 4; lastKnownFileType = sourcecode.cpp.cpp; path = WavLoadingTests.cpp; sourceTree = "<group>"; };
/* End PBXFileReference section */

/* Begin PBXFrameworksBuildPhase section */
		E325EC1F1E4222B700D059F0 /* Frameworks */ = {
			isa = PBXFrameworksBuildPhase;
			buildActionMask = 2147483647;
			files = (
			);
			runOnlyForDeploymentPostprocessing = 0;
		};
/* End PBXFrameworksBuildPhase section */

/* Begin PBXGroup section */
		E325EC191E4222B700D059F0 = {
			isa = PBXGroup;
			children = (
				E325EC241E4222B700D059F0 /* AudioFileTests */,
				E325EC231E4222B700D059F0 /* Products */,
			);
			sourceTree = "<group>";
		};
		E325EC231E4222B700D059F0 /* Products */ = {
			isa = PBXGroup;
			children = (
				E325EC221E4222B700D059F0 /* AudioFileTests */,
			);
			name = Products;
			sourceTree = "<group>";
		};
		E325EC241E4222B700D059F0 /* AudioFileTests */ = {
			isa = PBXGroup;
			children = (
				E3A0C94B1E4229BB0071404A /* tests */,
				E325EC251E4222B700D059F0 /* main.cpp */,
				E36147D81E429ADB0071F23D /* AudioFile.cpp */,
				E36147D91E429ADB0071F23D /* AudioFile.h */,
			);
			path = AudioFileTests;
			sourceTree = "<group>";
		};
		E3A0C94B1E4229BB0071404A /* tests */ = {
			isa = PBXGroup;
			children = (
				E3A0C94C1E4229C40071404A /* WavLoadingTests.cpp */,
				E39C59A41E4BE42400EA7B67 /* AiffLoadingTests.cpp */,
				E38438C71E5A26EC006C3352 /* FileWritingTests.cpp */,
			);
			name = tests;
			sourceTree = "<group>";
		};
/* End PBXGroup section */

/* Begin PBXNativeTarget section */
		E325EC211E4222B700D059F0 /* AudioFileTests */ = {
			isa = PBXNativeTarget;
			buildConfigurationList = E325EC291E4222B700D059F0 /* Build configuration list for PBXNativeTarget "AudioFileTests" */;
			buildPhases = (
				E325EC1E1E4222B700D059F0 /* Sources */,
				E325EC1F1E4222B700D059F0 /* Frameworks */,
				E325EC201E4222B700D059F0 /* CopyFiles */,
			);
			buildRules = (
			);
			dependencies = (
			);
			name = AudioFileTests;
			productName = AudioFileTests;
			productReference = E325EC221E4222B700D059F0 /* AudioFileTests */;
			productType = "com.apple.product-type.tool";
		};
/* End PBXNativeTarget section */

/* Begin PBXProject section */
		E325EC1A1E4222B700D059F0 /* Project object */ = {
			isa = PBXProject;
			attributes = {
				LastUpgradeCheck = 0820;
				ORGANIZATIONNAME = "Adam Stark";
				TargetAttributes = {
					E325EC211E4222B700D059F0 = {
						CreatedOnToolsVersion = 8.2.1;
						ProvisioningStyle = Automatic;
					};
				};
			};
			buildConfigurationList = E325EC1D1E4222B700D059F0 /* Build configuration list for PBXProject "AudioFileTests" */;
			compatibilityVersion = "Xcode 3.2";
			developmentRegion = English;
			hasScannedForEncodings = 0;
			knownRegions = (
				en,
			);
			mainGroup = E325EC191E4222B700D059F0;
			productRefGroup = E325EC231E4222B700D059F0 /* Products */;
			projectDirPath = "";
			projectRoot = "";
			targets = (
				E325EC211E4222B700D059F0 /* AudioFileTests */,
			);
		};
/* End PBXProject section */

/* Begin PBXSourcesBuildPhase section */
		E325EC1E1E4222B700D059F0 /* Sources */ = {
			isa = PBXSourcesBuildPhase;
			buildActionMask = 2147483647;
			files = (
				E39C59A61E4BE42400EA7B67 /* AiffLoadingTests.cpp in Sources */,
				E36147DA1E429ADB0071F23D /* AudioFile.cpp in Sources */,
				E325EC261E4222B700D059F0 /* main.cpp in Sources */,
				E3A0C94D1E4229C40071404A /* WavLoadingTests.cpp in Sources */,
				E38438C91E5A26EC006C3352 /* FileWritingTests.cpp in Sources */,
			);
			runOnlyForDeploymentPostprocessing = 0;
		};
/* End PBXSourcesBuildPhase section */

/* Begin XCBuildConfiguration section */
		E325EC271E4222B700D059F0 /* Debug */ = {
			isa = XCBuildConfiguration;
			buildSettings = {
				ALWAYS_SEARCH_USER_PATHS = NO;
				CLANG_ANALYZER_NONNULL = YES;
				CLANG_CXX_LANGUAGE_STANDARD = "gnu++0x";
				CLANG_CXX_LIBRARY = "libc++";
				CLANG_ENABLE_MODULES = YES;
				CLANG_ENABLE_OBJC_ARC = YES;
				CLANG_WARN_BOOL_CONVERSION = YES;
				CLANG_WARN_CONSTANT_CONVERSION = YES;
				CLANG_WARN_DIRECT_OBJC_ISA_USAGE = YES_ERROR;
				CLANG_WARN_DOCUMENTATION_COMMENTS = YES;
				CLANG_WARN_EMPTY_BODY = YES;
				CLANG_WARN_ENUM_CONVERSION = YES;
				CLANG_WARN_INFINITE_RECURSION = YES;
				CLANG_WARN_INT_CONVERSION = YES;
				CLANG_WARN_OBJC_ROOT_CLASS = YES_ERROR;
				CLANG_WARN_SUSPICIOUS_MOVE = YES;
				CLANG_WARN_UNREACHABLE_CODE = YES;
				CLANG_WARN__DUPLICATE_METHOD_MATCH = YES;
				CODE_SIGN_IDENTITY = "-";
				COPY_PHASE_STRIP = NO;
				DEBUG_INFORMATION_FORMAT = dwarf;
				ENABLE_STRICT_OBJC_MSGSEND = YES;
				ENABLE_TESTABILITY = YES;
				GCC_C_LANGUAGE_STANDARD = gnu99;
				GCC_DYNAMIC_NO_PIC = NO;
				GCC_NO_COMMON_BLOCKS = YES;
				GCC_OPTIMIZATION_LEVEL = 0;
				GCC_PREPROCESSOR_DEFINITIONS = (
					"DEBUG=1",
					"$(inherited)",
				);
				GCC_WARN_64_TO_32_BIT_CONVERSION = YES;
				GCC_WARN_ABOUT_RETURN_TYPE = YES_ERROR;
				GCC_WARN_UNDECLARED_SELECTOR = YES;
				GCC_WARN_UNINITIALIZED_AUTOS = YES_AGGRESSIVE;
				GCC_WARN_UNUSED_FUNCTION = YES;
				GCC_WARN_UNUSED_VARIABLE = YES;
				MACOSX_DEPLOYMENT_TARGET = 10.12;
				MTL_ENABLE_DEBUG_INFO = YES;
				ONLY_ACTIVE_ARCH = YES;
				SDKROOT = macosx;
			};
			name = Debug;
		};
		E325EC281E4222B700D059F0 /* Release */ = {
			isa = XCBuildConfiguration;
			buildSettings = {
				ALWAYS_SEARCH_USER_PATHS = NO;
				CLANG_ANALYZER_NONNULL = YES;
				CLANG_CXX_LANGUAGE_STANDARD = "gnu++0x";
				CLANG_CXX_LIBRARY = "libc++";
				CLANG_ENABLE_MODULES = YES;
				CLANG_ENABLE_OBJC_ARC = YES;
				CLANG_WARN_BOOL_CONVERSION = YES;
				CLANG_WARN_CONSTANT_CONVERSION = YES;
				CLANG_WARN_DIRECT_OBJC_ISA_USAGE = YES_ERROR;
				CLANG_WARN_DOCUMENTATION_COMMENTS = YES;
				CLANG_WARN_EMPTY_BODY = YES;
				CLANG_WARN_ENUM_CONVERSION = YES;
				CLANG_WARN_INFINITE_RECURSION = YES;
				CLANG_WARN_INT_CONVERSION = YES;
				CLANG_WARN_OBJC_ROOT_CLASS = YES_ERROR;
				CLANG_WARN_SUSPICIOUS_MOVE = YES;
				CLANG_WARN_UNREACHABLE_CODE = YES;
				CLANG_WARN__DUPLICATE_METHOD_MATCH = YES;
				CODE_SIGN_IDENTITY = "-";
				COPY_PHASE_STRIP = NO;
				DEBUG_INFORMATION_FORMAT = "dwarf-with-dsym";
				ENABLE_NS_ASSERTIONS = NO;
				ENABLE_STRICT_OBJC_MSGSEND = YES;
				GCC_C_LANGUAGE_STANDARD = gnu99;
				GCC_NO_COMMON_BLOCKS = YES;
				GCC_WARN_64_TO_32_BIT_CONVERSION = YES;
				GCC_WARN_ABOUT_RETURN_TYPE = YES_ERROR;
				GCC_WARN_UNDECLARED_SELECTOR = YES;
				GCC_WARN_UNINITIALIZED_AUTOS = YES_AGGRESSIVE;
				GCC_WARN_UNUSED_FUNCTION = YES;
				GCC_WARN_UNUSED_VARIABLE = YES;
				MACOSX_DEPLOYMENT_TARGET = 10.12;
				MTL_ENABLE_DEBUG_INFO = NO;
				SDKROOT = macosx;
			};
			name = Release;
		};
		E325EC2A1E4222B700D059F0 /* Debug */ = {
			isa = XCBuildConfiguration;
			buildSettings = {
				ALWAYS_SEARCH_USER_PATHS = YES;
				HEADER_SEARCH_PATHS = /usr/local/include;
				LIBRARY_SEARCH_PATHS = /usr/local/lib;
				OTHER_LDFLAGS = "-lboost_unit_test_framework";
				PRODUCT_NAME = "$(TARGET_NAME)";
			};
			name = Debug;
		};
		E325EC2B1E4222B700D059F0 /* Release */ = {
			isa = XCBuildConfiguration;
			buildSettings = {
				ALWAYS_SEARCH_USER_PATHS = YES;
				HEADER_SEARCH_PATHS = /usr/local/include;
				LIBRARY_SEARCH_PATHS = /usr/local/lib;
				OTHER_LDFLAGS = "-lboost_unit_test_framework";
				PRODUCT_NAME = "$(TARGET_NAME)";
			};
			name = Release;
		};
/* End XCBuildConfiguration section */

/* Begin XCConfigurationList section */
		E325EC1D1E4222B700D059F0 /* Build configuration list for PBXProject "AudioFileTests" */ = {
			isa = XCConfigurationList;
			buildConfigurations = (
				E325EC271E4222B700D059F0 /* Debug */,
				E325EC281E4222B700D059F0 /* Release */,
			);
			defaultConfigurationIsVisible = 0;
			defaultConfigurationName = Release;
		};
		E325EC291E4222B700D059F0 /* Build configuration list for PBXNativeTarget "AudioFileTests" */ = {
			isa = XCConfigurationList;
			buildConfigurations = (
				E325EC2A1E4222B700D059F0 /* Debug */,
				E325EC2B1E4222B700D059F0 /* Release */,
			);
			defaultConfigurationIsVisible = 0;
			defaultConfigurationName = Release;
		};
/* End XCConfigurationList section */
	};
	rootObject = E325EC1A1E4222B700D059F0 /* Project object */;
}
